// !$*UTF8*$!
{
	archiveVersion = 1;
	classes = {
	};
	objectVersion = 51;
	objects = {

/* Begin PBXBuildFile section */
		04F09A2EDCF80FA31627F71A /* Pods_KinopoiskFilmsApp.framework in Frameworks */ = {isa = PBXBuildFile; fileRef = 225F7F38D2F6E02AE5183301 /* Pods_KinopoiskFilmsApp.framework */; };
		7C142A0123F7C0F6003E67D2 /* ImageService.swift in Sources */ = {isa = PBXBuildFile; fileRef = 7C142A0023F7C0F6003E67D2 /* ImageService.swift */; };
		7C142A0623F7DEFE003E67D2 /* NetStatus.swift in Sources */ = {isa = PBXBuildFile; fileRef = 7C142A0523F7DEFE003E67D2 /* NetStatus.swift */; };
		7C142A0823F7E4EE003E67D2 /* APIClientError.swift in Sources */ = {isa = PBXBuildFile; fileRef = 7C142A0723F7E4EE003E67D2 /* APIClientError.swift */; };
		7C28A34C23EBE80F001EC68E /* BaseImage.swift in Sources */ = {isa = PBXBuildFile; fileRef = 7C28A34B23EBE80F001EC68E /* BaseImage.swift */; };
		7C94FC0723EAE86C00D55670 /* AppDelegate.swift in Sources */ = {isa = PBXBuildFile; fileRef = 7C94FC0623EAE86C00D55670 /* AppDelegate.swift */; };
		7C94FC0B23EAE86D00D55670 /* Assets.xcassets in Resources */ = {isa = PBXBuildFile; fileRef = 7C94FC0A23EAE86D00D55670 /* Assets.xcassets */; };
		7C94FC0E23EAE86D00D55670 /* LaunchScreen.storyboard in Resources */ = {isa = PBXBuildFile; fileRef = 7C94FC0C23EAE86D00D55670 /* LaunchScreen.storyboard */; };
		7C94FC1623EAF3E300D55670 /* FilmCell.swift in Sources */ = {isa = PBXBuildFile; fileRef = 7C94FC1523EAF3E300D55670 /* FilmCell.swift */; };
		7C94FC1A23EAF9BC00D55670 /* Colors.xcassets in Resources */ = {isa = PBXBuildFile; fileRef = 7C94FC1923EAF9BC00D55670 /* Colors.xcassets */; };
		7C94FC1C23EB082800D55670 /* BaseView.swift in Sources */ = {isa = PBXBuildFile; fileRef = 7C94FC1B23EB082800D55670 /* BaseView.swift */; };
		7C94FC1E23EB0E2C00D55670 /* MainViewController.swift in Sources */ = {isa = PBXBuildFile; fileRef = 7C94FC1D23EB0E2C00D55670 /* MainViewController.swift */; };
		7C94FC2323EB151C00D55670 /* BaseTextLabel.swift in Sources */ = {isa = PBXBuildFile; fileRef = 7C94FC2223EB151C00D55670 /* BaseTextLabel.swift */; };
		7C94FC2523EB276A00D55670 /* Film.swift in Sources */ = {isa = PBXBuildFile; fileRef = 7C94FC2423EB276A00D55670 /* Film.swift */; };
		7C94FC2723EB283800D55670 /* FilmDetailViewController.swift in Sources */ = {isa = PBXBuildFile; fileRef = 7C94FC2623EB283800D55670 /* FilmDetailViewController.swift */; };
		7CA429B023F6037F00E4FC96 /* APIClient.swift in Sources */ = {isa = PBXBuildFile; fileRef = 7CA429AF23F6037F00E4FC96 /* APIClient.swift */; };
		7CA429B223F603D500E4FC96 /* Resource.swift in Sources */ = {isa = PBXBuildFile; fileRef = 7CA429B123F603D500E4FC96 /* Resource.swift */; };
		7CA429B423F6045A00E4FC96 /* URLRequest+.swift in Sources */ = {isa = PBXBuildFile; fileRef = 7CA429B323F6045A00E4FC96 /* URLRequest+.swift */; };
		7CA429B623F606C100E4FC96 /* Repository.swift in Sources */ = {isa = PBXBuildFile; fileRef = 7CA429B523F606C100E4FC96 /* Repository.swift */; };
		7CA429BA23F679FC00E4FC96 /* UIAlertController+.swift in Sources */ = {isa = PBXBuildFile; fileRef = 7CA429B923F679FC00E4FC96 /* UIAlertController+.swift */; };
/* End PBXBuildFile section */

/* Begin PBXFileReference section */
		225F7F38D2F6E02AE5183301 /* Pods_KinopoiskFilmsApp.framework */ = {isa = PBXFileReference; explicitFileType = wrapper.framework; includeInIndex = 0; path = Pods_KinopoiskFilmsApp.framework; sourceTree = BUILT_PRODUCTS_DIR; };
		7C142A0023F7C0F6003E67D2 /* ImageService.swift */ = {isa = PBXFileReference; lastKnownFileType = sourcecode.swift; path = ImageService.swift; sourceTree = "<group>"; };
		7C142A0523F7DEFE003E67D2 /* NetStatus.swift */ = {isa = PBXFileReference; fileEncoding = 4; lastKnownFileType = sourcecode.swift; path = NetStatus.swift; sourceTree = "<group>"; };
		7C142A0723F7E4EE003E67D2 /* APIClientError.swift */ = {isa = PBXFileReference; lastKnownFileType = sourcecode.swift; path = APIClientError.swift; sourceTree = "<group>"; };
		7C28A34B23EBE80F001EC68E /* BaseImage.swift */ = {isa = PBXFileReference; lastKnownFileType = sourcecode.swift; path = BaseImage.swift; sourceTree = "<group>"; };
		7C94FC0323EAE86C00D55670 /* KinopoiskFilmsApp.app */ = {isa = PBXFileReference; explicitFileType = wrapper.application; includeInIndex = 0; path = KinopoiskFilmsApp.app; sourceTree = BUILT_PRODUCTS_DIR; };
		7C94FC0623EAE86C00D55670 /* AppDelegate.swift */ = {isa = PBXFileReference; lastKnownFileType = sourcecode.swift; path = AppDelegate.swift; sourceTree = "<group>"; };
		7C94FC0A23EAE86D00D55670 /* Assets.xcassets */ = {isa = PBXFileReference; lastKnownFileType = folder.assetcatalog; path = Assets.xcassets; sourceTree = "<group>"; };
		7C94FC0D23EAE86D00D55670 /* Base */ = {isa = PBXFileReference; lastKnownFileType = file.storyboard; name = Base; path = Base.lproj/LaunchScreen.storyboard; sourceTree = "<group>"; };
		7C94FC0F23EAE86D00D55670 /* Info.plist */ = {isa = PBXFileReference; lastKnownFileType = text.plist.xml; path = Info.plist; sourceTree = "<group>"; };
		7C94FC1523EAF3E300D55670 /* FilmCell.swift */ = {isa = PBXFileReference; lastKnownFileType = sourcecode.swift; path = FilmCell.swift; sourceTree = "<group>"; };
		7C94FC1923EAF9BC00D55670 /* Colors.xcassets */ = {isa = PBXFileReference; lastKnownFileType = folder.assetcatalog; path = Colors.xcassets; sourceTree = "<group>"; };
		7C94FC1B23EB082800D55670 /* BaseView.swift */ = {isa = PBXFileReference; fileEncoding = 4; lastKnownFileType = sourcecode.swift; path = BaseView.swift; sourceTree = "<group>"; };
		7C94FC1D23EB0E2C00D55670 /* MainViewController.swift */ = {isa = PBXFileReference; fileEncoding = 4; lastKnownFileType = sourcecode.swift; path = MainViewController.swift; sourceTree = "<group>"; };
		7C94FC2223EB151C00D55670 /* BaseTextLabel.swift */ = {isa = PBXFileReference; fileEncoding = 4; lastKnownFileType = sourcecode.swift; path = BaseTextLabel.swift; sourceTree = "<group>"; };
		7C94FC2423EB276A00D55670 /* Film.swift */ = {isa = PBXFileReference; lastKnownFileType = sourcecode.swift; path = Film.swift; sourceTree = "<group>"; };
		7C94FC2623EB283800D55670 /* FilmDetailViewController.swift */ = {isa = PBXFileReference; lastKnownFileType = sourcecode.swift; path = FilmDetailViewController.swift; sourceTree = "<group>"; };
		7CA429AF23F6037F00E4FC96 /* APIClient.swift */ = {isa = PBXFileReference; lastKnownFileType = sourcecode.swift; path = APIClient.swift; sourceTree = "<group>"; };
		7CA429B123F603D500E4FC96 /* Resource.swift */ = {isa = PBXFileReference; lastKnownFileType = sourcecode.swift; path = Resource.swift; sourceTree = "<group>"; };
		7CA429B323F6045A00E4FC96 /* URLRequest+.swift */ = {isa = PBXFileReference; lastKnownFileType = sourcecode.swift; path = "URLRequest+.swift"; sourceTree = "<group>"; };
		7CA429B523F606C100E4FC96 /* Repository.swift */ = {isa = PBXFileReference; lastKnownFileType = sourcecode.swift; path = Repository.swift; sourceTree = "<group>"; };
		7CA429B923F679FC00E4FC96 /* UIAlertController+.swift */ = {isa = PBXFileReference; lastKnownFileType = sourcecode.swift; path = "UIAlertController+.swift"; sourceTree = "<group>"; };
		A5A7DFF6F0AA7F0844FE8515 /* Pods-KinopoiskFilmsApp.debug.xcconfig */ = {isa = PBXFileReference; includeInIndex = 1; lastKnownFileType = text.xcconfig; name = "Pods-KinopoiskFilmsApp.debug.xcconfig"; path = "Target Support Files/Pods-KinopoiskFilmsApp/Pods-KinopoiskFilmsApp.debug.xcconfig"; sourceTree = "<group>"; };
		FB027406C61728ED51AB48CE /* Pods-KinopoiskFilmsApp.release.xcconfig */ = {isa = PBXFileReference; includeInIndex = 1; lastKnownFileType = text.xcconfig; name = "Pods-KinopoiskFilmsApp.release.xcconfig"; path = "Target Support Files/Pods-KinopoiskFilmsApp/Pods-KinopoiskFilmsApp.release.xcconfig"; sourceTree = "<group>"; };
/* End PBXFileReference section */

/* Begin PBXFrameworksBuildPhase section */
		7C94FC0023EAE86C00D55670 /* Frameworks */ = {
			isa = PBXFrameworksBuildPhase;
			buildActionMask = 2147483647;
			files = (
				04F09A2EDCF80FA31627F71A /* Pods_KinopoiskFilmsApp.framework in Frameworks */,
			);
			runOnlyForDeploymentPostprocessing = 0;
		};
/* End PBXFrameworksBuildPhase section */

/* Begin PBXGroup section */
		7C28A35323ECFBC7001EC68E /* ViewControllers */ = {
			isa = PBXGroup;
			children = (
				7C94FC1D23EB0E2C00D55670 /* MainViewController.swift */,
				7C94FC2623EB283800D55670 /* FilmDetailViewController.swift */,
			);
			path = ViewControllers;
			sourceTree = "<group>";
		};
		7C28A35423ECFBF3001EC68E /* Cells */ = {
			isa = PBXGroup;
			children = (
				7C94FC1523EAF3E300D55670 /* FilmCell.swift */,
			);
			path = Cells;
			sourceTree = "<group>";
		};
		7C28A35523ECFC08001EC68E /* Model */ = {
			isa = PBXGroup;
			children = (
				7C94FC2423EB276A00D55670 /* Film.swift */,
			);
			path = Model;
			sourceTree = "<group>";
		};
		7C28A35623ECFC1D001EC68E /* Networking */ = {
			isa = PBXGroup;
			children = (
				7C28A35523ECFC08001EC68E /* Model */,
				7CA429AF23F6037F00E4FC96 /* APIClient.swift */,
				7CA429B523F606C100E4FC96 /* Repository.swift */,
				7CA429B123F603D500E4FC96 /* Resource.swift */,
				7CA429B323F6045A00E4FC96 /* URLRequest+.swift */,
				7C142A0023F7C0F6003E67D2 /* ImageService.swift */,
				7C142A0523F7DEFE003E67D2 /* NetStatus.swift */,
				7C142A0723F7E4EE003E67D2 /* APIClientError.swift */,
			);
			path = Networking;
			sourceTree = "<group>";
		};
		7C28A35723ECFC68001EC68E /* Views */ = {
			isa = PBXGroup;
			children = (
				7C94FC1B23EB082800D55670 /* BaseView.swift */,
				7C94FC2223EB151C00D55670 /* BaseTextLabel.swift */,
				7C28A34B23EBE80F001EC68E /* BaseImage.swift */,
			);
			path = Views;
			sourceTree = "<group>";
		};
		7C94FBFA23EAE86C00D55670 = {
			isa = PBXGroup;
			children = (
				7C94FC0523EAE86C00D55670 /* KinopoiskFilmsApp */,
				7C94FC0423EAE86C00D55670 /* Products */,
				9AE64E568EB69262F3BF7BA4 /* Pods */,
				D13C05E3A79BED105E7D975F /* Frameworks */,
			);
			sourceTree = "<group>";
		};
		7C94FC0423EAE86C00D55670 /* Products */ = {
			isa = PBXGroup;
			children = (
				7C94FC0323EAE86C00D55670 /* KinopoiskFilmsApp.app */,
			);
			name = Products;
			sourceTree = "<group>";
		};
		7C94FC0523EAE86C00D55670 /* KinopoiskFilmsApp */ = {
			isa = PBXGroup;
			children = (
				7CFE96ED23F34B9F0096D58E /* AppDelegate */,
				7C28A35623ECFC1D001EC68E /* Networking */,
				7CA429B723F616FE00E4FC96 /* UI */,
				7CA429B823F6175B00E4FC96 /* Support */,
				7C94FC0A23EAE86D00D55670 /* Assets.xcassets */,
				7C94FC1923EAF9BC00D55670 /* Colors.xcassets */,
				7C94FC0C23EAE86D00D55670 /* LaunchScreen.storyboard */,
				7C94FC0F23EAE86D00D55670 /* Info.plist */,
			);
			path = KinopoiskFilmsApp;
			sourceTree = "<group>";
		};
		7CA429B723F616FE00E4FC96 /* UI */ = {
			isa = PBXGroup;
			children = (
				7C28A35323ECFBC7001EC68E /* ViewControllers */,
				7C28A35723ECFC68001EC68E /* Views */,
				7C28A35423ECFBF3001EC68E /* Cells */,
			);
			path = UI;
			sourceTree = "<group>";
		};
		7CA429B823F6175B00E4FC96 /* Support */ = {
			isa = PBXGroup;
			children = (
				7CA429B923F679FC00E4FC96 /* UIAlertController+.swift */,
			);
			path = Support;
			sourceTree = "<group>";
		};
		7CFE96ED23F34B9F0096D58E /* AppDelegate */ = {
			isa = PBXGroup;
			children = (
				7C94FC0623EAE86C00D55670 /* AppDelegate.swift */,
			);
			path = AppDelegate;
			sourceTree = "<group>";
		};
		9AE64E568EB69262F3BF7BA4 /* Pods */ = {
			isa = PBXGroup;
			children = (
				A5A7DFF6F0AA7F0844FE8515 /* Pods-KinopoiskFilmsApp.debug.xcconfig */,
				FB027406C61728ED51AB48CE /* Pods-KinopoiskFilmsApp.release.xcconfig */,
			);
			path = Pods;
			sourceTree = "<group>";
		};
		D13C05E3A79BED105E7D975F /* Frameworks */ = {
			isa = PBXGroup;
			children = (
				225F7F38D2F6E02AE5183301 /* Pods_KinopoiskFilmsApp.framework */,
			);
			name = Frameworks;
			sourceTree = "<group>";
		};
/* End PBXGroup section */

/* Begin PBXNativeTarget section */
		7C94FC0223EAE86C00D55670 /* KinopoiskFilmsApp */ = {
			isa = PBXNativeTarget;
			buildConfigurationList = 7C94FC1223EAE86D00D55670 /* Build configuration list for PBXNativeTarget "KinopoiskFilmsApp" */;
			buildPhases = (
				C24F6AF31B4821988C1F90B6 /* [CP] Check Pods Manifest.lock */,
				7C94FBFF23EAE86C00D55670 /* Sources */,
				7C94FC0023EAE86C00D55670 /* Frameworks */,
				7C94FC0123EAE86C00D55670 /* Resources */,
				88963328FF17809A91323259 /* [CP] Embed Pods Frameworks */,
			);
			buildRules = (
			);
			dependencies = (
			);
			name = KinopoiskFilmsApp;
			productName = KinopoiskFilmsApp;
			productReference = 7C94FC0323EAE86C00D55670 /* KinopoiskFilmsApp.app */;
			productType = "com.apple.product-type.application";
		};
/* End PBXNativeTarget section */

/* Begin PBXProject section */
		7C94FBFB23EAE86C00D55670 /* Project object */ = {
			isa = PBXProject;
			attributes = {
				LastSwiftUpdateCheck = 1130;
				LastUpgradeCheck = 1130;
				ORGANIZATIONNAME = "Oleg Sitnikov";
				TargetAttributes = {
					7C94FC0223EAE86C00D55670 = {
						CreatedOnToolsVersion = 11.3.1;
					};
				};
			};
			buildConfigurationList = 7C94FBFE23EAE86C00D55670 /* Build configuration list for PBXProject "KinopoiskFilmsApp" */;
			compatibilityVersion = "Xcode 9.3";
			developmentRegion = en;
			hasScannedForEncodings = 0;
			knownRegions = (
				en,
				Base,
			);
			mainGroup = 7C94FBFA23EAE86C00D55670;
			productRefGroup = 7C94FC0423EAE86C00D55670 /* Products */;
			projectDirPath = "";
			projectRoot = "";
			targets = (
				7C94FC0223EAE86C00D55670 /* KinopoiskFilmsApp */,
			);
		};
/* End PBXProject section */

/* Begin PBXResourcesBuildPhase section */
		7C94FC0123EAE86C00D55670 /* Resources */ = {
			isa = PBXResourcesBuildPhase;
			buildActionMask = 2147483647;
			files = (
				7C94FC1A23EAF9BC00D55670 /* Colors.xcassets in Resources */,
				7C94FC0B23EAE86D00D55670 /* Assets.xcassets in Resources */,
				7C94FC0E23EAE86D00D55670 /* LaunchScreen.storyboard in Resources */,
			);
			runOnlyForDeploymentPostprocessing = 0;
		};
/* End PBXResourcesBuildPhase section */

/* Begin PBXShellScriptBuildPhase section */
		88963328FF17809A91323259 /* [CP] Embed Pods Frameworks */ = {
			isa = PBXShellScriptBuildPhase;
			buildActionMask = 2147483647;
			files = (
			);
			inputFileListPaths = (
				"${PODS_ROOT}/Target Support Files/Pods-KinopoiskFilmsApp/Pods-KinopoiskFilmsApp-frameworks-${CONFIGURATION}-input-files.xcfilelist",
			);
			name = "[CP] Embed Pods Frameworks";
			outputFileListPaths = (
				"${PODS_ROOT}/Target Support Files/Pods-KinopoiskFilmsApp/Pods-KinopoiskFilmsApp-frameworks-${CONFIGURATION}-output-files.xcfilelist",
			);
			runOnlyForDeploymentPostprocessing = 0;
			shellPath = /bin/sh;
			shellScript = "\"${PODS_ROOT}/Target Support Files/Pods-KinopoiskFilmsApp/Pods-KinopoiskFilmsApp-frameworks.sh\"\n";
			showEnvVarsInLog = 0;
		};
		C24F6AF31B4821988C1F90B6 /* [CP] Check Pods Manifest.lock */ = {
			isa = PBXShellScriptBuildPhase;
			buildActionMask = 2147483647;
			files = (
			);
			inputFileListPaths = (
			);
			inputPaths = (
				"${PODS_PODFILE_DIR_PATH}/Podfile.lock",
				"${PODS_ROOT}/Manifest.lock",
			);
			name = "[CP] Check Pods Manifest.lock";
			outputFileListPaths = (
			);
			outputPaths = (
				"$(DERIVED_FILE_DIR)/Pods-KinopoiskFilmsApp-checkManifestLockResult.txt",
			);
			runOnlyForDeploymentPostprocessing = 0;
			shellPath = /bin/sh;
			shellScript = "diff \"${PODS_PODFILE_DIR_PATH}/Podfile.lock\" \"${PODS_ROOT}/Manifest.lock\" > /dev/null\nif [ $? != 0 ] ; then\n    # print error to STDERR\n    echo \"error: The sandbox is not in sync with the Podfile.lock. Run 'pod install' or update your CocoaPods installation.\" >&2\n    exit 1\nfi\n# This output is used by Xcode 'outputs' to avoid re-running this script phase.\necho \"SUCCESS\" > \"${SCRIPT_OUTPUT_FILE_0}\"\n";
			showEnvVarsInLog = 0;
		};
/* End PBXShellScriptBuildPhase section */

/* Begin PBXSourcesBuildPhase section */
		7C94FBFF23EAE86C00D55670 /* Sources */ = {
			isa = PBXSourcesBuildPhase;
			buildActionMask = 2147483647;
			files = (
				7C94FC1623EAF3E300D55670 /* FilmCell.swift in Sources */,
				7C94FC2323EB151C00D55670 /* BaseTextLabel.swift in Sources */,
				7C142A0823F7E4EE003E67D2 /* APIClientError.swift in Sources */,
				7CA429BA23F679FC00E4FC96 /* UIAlertController+.swift in Sources */,
				7C94FC1E23EB0E2C00D55670 /* MainViewController.swift in Sources */,
				7C94FC2723EB283800D55670 /* FilmDetailViewController.swift in Sources */,
				7C28A34C23EBE80F001EC68E /* BaseImage.swift in Sources */,
				7C94FC0723EAE86C00D55670 /* AppDelegate.swift in Sources */,
				7CA429B423F6045A00E4FC96 /* URLRequest+.swift in Sources */,
				7CA429B023F6037F00E4FC96 /* APIClient.swift in Sources */,
				7CA429B623F606C100E4FC96 /* Repository.swift in Sources */,
				7C94FC1C23EB082800D55670 /* BaseView.swift in Sources */,
				7C94FC2523EB276A00D55670 /* Film.swift in Sources */,
				7CA429B223F603D500E4FC96 /* Resource.swift in Sources */,
				7C142A0623F7DEFE003E67D2 /* NetStatus.swift in Sources */,
				7C142A0123F7C0F6003E67D2 /* ImageService.swift in Sources */,
			);
			runOnlyForDeploymentPostprocessing = 0;
		};
/* End PBXSourcesBuildPhase section */

/* Begin PBXVariantGroup section */
		7C94FC0C23EAE86D00D55670 /* LaunchScreen.storyboard */ = {
			isa = PBXVariantGroup;
			children = (
				7C94FC0D23EAE86D00D55670 /* Base */,
			);
			name = LaunchScreen.storyboard;
			sourceTree = "<group>";
		};
/* End PBXVariantGroup section */

/* Begin XCBuildConfiguration section */
		7C94FC1023EAE86D00D55670 /* Debug */ = {
			isa = XCBuildConfiguration;
			buildSettings = {
				ALWAYS_SEARCH_USER_PATHS = NO;
				CLANG_ANALYZER_NONNULL = YES;
				CLANG_ANALYZER_NUMBER_OBJECT_CONVERSION = YES_AGGRESSIVE;
				CLANG_CXX_LANGUAGE_STANDARD = "gnu++14";
				CLANG_CXX_LIBRARY = "libc++";
				CLANG_ENABLE_MODULES = YES;
				CLANG_ENABLE_OBJC_ARC = YES;
				CLANG_ENABLE_OBJC_WEAK = YES;
				CLANG_WARN_BLOCK_CAPTURE_AUTORELEASING = YES;
				CLANG_WARN_BOOL_CONVERSION = YES;
				CLANG_WARN_COMMA = YES;
				CLANG_WARN_CONSTANT_CONVERSION = YES;
				CLANG_WARN_DEPRECATED_OBJC_IMPLEMENTATIONS = YES;
				CLANG_WARN_DIRECT_OBJC_ISA_USAGE = YES_ERROR;
				CLANG_WARN_DOCUMENTATION_COMMENTS = YES;
				CLANG_WARN_EMPTY_BODY = YES;
				CLANG_WARN_ENUM_CONVERSION = YES;
				CLANG_WARN_INFINITE_RECURSION = YES;
				CLANG_WARN_INT_CONVERSION = YES;
				CLANG_WARN_NON_LITERAL_NULL_CONVERSION = YES;
				CLANG_WARN_OBJC_IMPLICIT_RETAIN_SELF = YES;
				CLANG_WARN_OBJC_LITERAL_CONVERSION = YES;
				CLANG_WARN_OBJC_ROOT_CLASS = YES_ERROR;
				CLANG_WARN_RANGE_LOOP_ANALYSIS = YES;
				CLANG_WARN_STRICT_PROTOTYPES = YES;
				CLANG_WARN_SUSPICIOUS_MOVE = YES;
				CLANG_WARN_UNGUARDED_AVAILABILITY = YES_AGGRESSIVE;
				CLANG_WARN_UNREACHABLE_CODE = YES;
				CLANG_WARN__DUPLICATE_METHOD_MATCH = YES;
				COPY_PHASE_STRIP = NO;
				DEBUG_INFORMATION_FORMAT = dwarf;
				ENABLE_STRICT_OBJC_MSGSEND = YES;
				ENABLE_TESTABILITY = YES;
				GCC_C_LANGUAGE_STANDARD = gnu11;
				GCC_DYNAMIC_NO_PIC = NO;
				GCC_NO_COMMON_BLOCKS = YES;
				GCC_OPTIMIZATION_LEVEL = 0;
				GCC_PREPROCESSOR_DEFINITIONS = (
					"DEBUG=1",
					"$(inherited)",
				);
				GCC_WARN_64_TO_32_BIT_CONVERSION = YES;
				GCC_WARN_ABOUT_RETURN_TYPE = YES_ERROR;
				GCC_WARN_UNDECLARED_SELECTOR = YES;
				GCC_WARN_UNINITIALIZED_AUTOS = YES_AGGRESSIVE;
				GCC_WARN_UNUSED_FUNCTION = YES;
				GCC_WARN_UNUSED_VARIABLE = YES;
				IPHONEOS_DEPLOYMENT_TARGET = 13.2;
				MTL_ENABLE_DEBUG_INFO = INCLUDE_SOURCE;
				MTL_FAST_MATH = YES;
				ONLY_ACTIVE_ARCH = YES;
				SDKROOT = iphoneos;
				SWIFT_ACTIVE_COMPILATION_CONDITIONS = DEBUG;
				SWIFT_OPTIMIZATION_LEVEL = "-Onone";
			};
			name = Debug;
		};
		7C94FC1123EAE86D00D55670 /* Release */ = {
			isa = XCBuildConfiguration;
			buildSettings = {
				ALWAYS_SEARCH_USER_PATHS = NO;
				CLANG_ANALYZER_NONNULL = YES;
				CLANG_ANALYZER_NUMBER_OBJECT_CONVERSION = YES_AGGRESSIVE;
				CLANG_CXX_LANGUAGE_STANDARD = "gnu++14";
				CLANG_CXX_LIBRARY = "libc++";
				CLANG_ENABLE_MODULES = YES;
				CLANG_ENABLE_OBJC_ARC = YES;
				CLANG_ENABLE_OBJC_WEAK = YES;
				CLANG_WARN_BLOCK_CAPTURE_AUTORELEASING = YES;
				CLANG_WARN_BOOL_CONVERSION = YES;
				CLANG_WARN_COMMA = YES;
				CLANG_WARN_CONSTANT_CONVERSION = YES;
				CLANG_WARN_DEPRECATED_OBJC_IMPLEMENTATIONS = YES;
				CLANG_WARN_DIRECT_OBJC_ISA_USAGE = YES_ERROR;
				CLANG_WARN_DOCUMENTATION_COMMENTS = YES;
				CLANG_WARN_EMPTY_BODY = YES;
				CLANG_WARN_ENUM_CONVERSION = YES;
				CLANG_WARN_INFINITE_RECURSION = YES;
				CLANG_WARN_INT_CONVERSION = YES;
				CLANG_WARN_NON_LITERAL_NULL_CONVERSION = YES;
				CLANG_WARN_OBJC_IMPLICIT_RETAIN_SELF = YES;
				CLANG_WARN_OBJC_LITERAL_CONVERSION = YES;
				CLANG_WARN_OBJC_ROOT_CLASS = YES_ERROR;
				CLANG_WARN_RANGE_LOOP_ANALYSIS = YES;
				CLANG_WARN_STRICT_PROTOTYPES = YES;
				CLANG_WARN_SUSPICIOUS_MOVE = YES;
				CLANG_WARN_UNGUARDED_AVAILABILITY = YES_AGGRESSIVE;
				CLANG_WARN_UNREACHABLE_CODE = YES;
				CLANG_WARN__DUPLICATE_METHOD_MATCH = YES;
				COPY_PHASE_STRIP = NO;
				DEBUG_INFORMATION_FORMAT = "dwarf-with-dsym";
				ENABLE_NS_ASSERTIONS = NO;
				ENABLE_STRICT_OBJC_MSGSEND = YES;
				GCC_C_LANGUAGE_STANDARD = gnu11;
				GCC_NO_COMMON_BLOCKS = YES;
				GCC_WARN_64_TO_32_BIT_CONVERSION = YES;
				GCC_WARN_ABOUT_RETURN_TYPE = YES_ERROR;
				GCC_WARN_UNDECLARED_SELECTOR = YES;
				GCC_WARN_UNINITIALIZED_AUTOS = YES_AGGRESSIVE;
				GCC_WARN_UNUSED_FUNCTION = YES;
				GCC_WARN_UNUSED_VARIABLE = YES;
				IPHONEOS_DEPLOYMENT_TARGET = 13.2;
				MTL_ENABLE_DEBUG_INFO = NO;
				MTL_FAST_MATH = YES;
				SDKROOT = iphoneos;
				SWIFT_COMPILATION_MODE = wholemodule;
				SWIFT_OPTIMIZATION_LEVEL = "-O";
				VALIDATE_PRODUCT = YES;
			};
			name = Release;
		};
		7C94FC1323EAE86D00D55670 /* Debug */ = {
			isa = XCBuildConfiguration;
			baseConfigurationReference = A5A7DFF6F0AA7F0844FE8515 /* Pods-KinopoiskFilmsApp.debug.xcconfig */;
			buildSettings = {
				ASSETCATALOG_COMPILER_APPICON_NAME = AppIcon;
				CODE_SIGN_STYLE = Automatic;
				DEVELOPMENT_TEAM = CQPZ5C4VAN;
				INFOPLIST_FILE = KinopoiskFilmsApp/Info.plist;
				IPHONEOS_DEPLOYMENT_TARGET = 12.0;
				LD_RUNPATH_SEARCH_PATHS = (
					"$(inherited)",
					"@executable_path/Frameworks",
				);
				PRODUCT_BUNDLE_IDENTIFIER = development.olegstv.KinopoiskFilmsApp;
				PRODUCT_NAME = "$(TARGET_NAME)";
				SWIFT_VERSION = 5.0;
				TARGETED_DEVICE_FAMILY = 1;
			};
			name = Debug;
		};
		7C94FC1423EAE86D00D55670 /* Release */ = {
			isa = XCBuildConfiguration;
			baseConfigurationReference = FB027406C61728ED51AB48CE /* Pods-KinopoiskFilmsApp.release.xcconfig */;
			buildSettings = {
				ASSETCATALOG_COMPILER_APPICON_NAME = AppIcon;
				CODE_SIGN_STYLE = Automatic;
				DEVELOPMENT_TEAM = CQPZ5C4VAN;
				INFOPLIST_FILE = KinopoiskFilmsApp/Info.plist;
				IPHONEOS_DEPLOYMENT_TARGET = 12.0;
				LD_RUNPATH_SEARCH_PATHS = (
					"$(inherited)",
					"@executable_path/Frameworks",
				);
				PRODUCT_BUNDLE_IDENTIFIER = development.olegstv.KinopoiskFilmsApp;
				PRODUCT_NAME = "$(TARGET_NAME)";
				SWIFT_VERSION = 5.0;
				TARGETED_DEVICE_FAMILY = 1;
			};
			name = Release;
		};
/* End XCBuildConfiguration section */

/* Begin XCConfigurationList section */
		7C94FBFE23EAE86C00D55670 /* Build configuration list for PBXProject "KinopoiskFilmsApp" */ = {
			isa = XCConfigurationList;
			buildConfigurations = (
				7C94FC1023EAE86D00D55670 /* Debug */,
				7C94FC1123EAE86D00D55670 /* Release */,
			);
			defaultConfigurationIsVisible = 0;
			defaultConfigurationName = Release;
		};
		7C94FC1223EAE86D00D55670 /* Build configuration list for PBXNativeTarget "KinopoiskFilmsApp" */ = {
			isa = XCConfigurationList;
			buildConfigurations = (
				7C94FC1323EAE86D00D55670 /* Debug */,
				7C94FC1423EAE86D00D55670 /* Release */,
			);
			defaultConfigurationIsVisible = 0;
			defaultConfigurationName = Release;
		};
/* End XCConfigurationList section */
	};
	rootObject = 7C94FBFB23EAE86C00D55670 /* Project object */;
}
